
Microsoft Visual Studio Solution File, Format Version 12.00
# Visual Studio Version 17
VisualStudioVersion = 17.3.32929.385
MinimumVisualStudioVersion = 10.0.40219.1
Project("{FAE04EC0-301F-11D3-BF4B-00C04F79EFBC}") = "Dec05", "Dec05\Dec05.csproj", "{B632D85B-5323-43E9-9899-AE4D0BD33EEC}"
EndProject
Global
	GlobalSection(SolutionConfigurationPlatforms) = preSolution
		Debug|Any CPU = Debug|Any CPU
		Release|Any CPU = Release|Any CPU
	EndGlobalSection
	GlobalSection(ProjectConfigurationPlatforms) = postSolution
		{B632D85B-5323-43E9-9899-AE4D0BD33EEC}.Debug|Any CPU.ActiveCfg = Debug|Any CPU
		{B632D85B-5323-43E9-9899-AE4D0BD33EEC}.Debug|Any CPU.Build.0 = Debug|Any CPU
		{B632D85B-5323-43E9-9899-AE4D0BD33EEC}.Release|Any CPU.ActiveCfg = Release|Any CPU
		{B632D85B-5323-43E9-9899-AE4D0BD33EEC}.Release|Any CPU.Build.0 = Release|Any CPU
	EndGlobalSection
	GlobalSection(SolutionProperties) = preSolution
		HideSolutionNode = FALSE
	EndGlobalSection
	GlobalSection(ExtensibilityGlobals) = postSolution
		SolutionGuid = {4021CBF9-95E8-4E8F-8631-3E05377EFE2E}
	EndGlobalSection
EndGlobal
